// !$*UTF8*$!
{
	archiveVersion = 1;
	classes = {
	};
	objectVersion = 55;
	objects = {

/* Begin PBXBuildFile section */
		8258972A283DC2F70077F942 /* main.cpp in Sources */ = {isa = PBXBuildFile; fileRef = 82589729283DC2F70077F942 /* main.cpp */; };
		82589739283DC3960077F942 /* glad.c in Sources */ = {isa = PBXBuildFile; fileRef = 82589730283DC3960077F942 /* glad.c */; };
		8258973A283DC3960077F942 /* textfile.cpp in Sources */ = {isa = PBXBuildFile; fileRef = 82589736283DC3960077F942 /* textfile.cpp */; };
		8258973B283DC3960077F942 /* Matrices.cpp in Sources */ = {isa = PBXBuildFile; fileRef = 82589737283DC3960077F942 /* Matrices.cpp */; };
		8258973E283DC4AB0077F942 /* libglfw.3.dylib in Frameworks */ = {isa = PBXBuildFile; fileRef = 8258973D283DC4AB0077F942 /* libglfw.3.dylib */; };
		8258973F283DC4AB0077F942 /* libglfw.3.dylib in Embed Libraries */ = {isa = PBXBuildFile; fileRef = 8258973D283DC4AB0077F942 /* libglfw.3.dylib */; settings = {ATTRIBUTES = (CodeSignOnCopy, ); }; };
/* End PBXBuildFile section */

/* Begin PBXCopyFilesBuildPhase section */
		82589724283DC2F70077F942 /* CopyFiles */ = {
			isa = PBXCopyFilesBuildPhase;
			buildActionMask = 2147483647;
			dstPath = /usr/share/man/man1/;
			dstSubfolderSpec = 0;
			files = (
			);
			runOnlyForDeploymentPostprocessing = 1;
		};
		82589740283DC4AB0077F942 /* Embed Libraries */ = {
			isa = PBXCopyFilesBuildPhase;
			buildActionMask = 2147483647;
			dstPath = "";
			dstSubfolderSpec = 10;
			files = (
				8258973F283DC4AB0077F942 /* libglfw.3.dylib in Embed Libraries */,
			);
			name = "Embed Libraries";
			runOnlyForDeploymentPostprocessing = 0;
		};
/* End PBXCopyFilesBuildPhase section */

/* Begin PBXFileReference section */
		82589726283DC2F70077F942 /* OpenGLFramework-Xcode */ = {isa = PBXFileReference; explicitFileType = "compiled.mach-o.executable"; includeInIndex = 0; path = "OpenGLFramework-Xcode"; sourceTree = BUILT_PRODUCTS_DIR; };
		82589729283DC2F70077F942 /* main.cpp */ = {isa = PBXFileReference; lastKnownFileType = sourcecode.cpp.cpp; path = main.cpp; sourceTree = "<group>"; };
		82589730283DC3960077F942 /* glad.c */ = {isa = PBXFileReference; fileEncoding = 4; lastKnownFileType = sourcecode.c.c; path = glad.c; sourceTree = "<group>"; };
		82589731283DC3960077F942 /* textfile.h */ = {isa = PBXFileReference; fileEncoding = 4; lastKnownFileType = sourcecode.c.h; path = textfile.h; sourceTree = "<group>"; };
		82589732283DC3960077F942 /* Matrices.h */ = {isa = PBXFileReference; fileEncoding = 4; lastKnownFileType = sourcecode.c.h; path = Matrices.h; sourceTree = "<group>"; };
		82589733283DC3960077F942 /* shader.fs */ = {isa = PBXFileReference; fileEncoding = 4; lastKnownFileType = sourcecode.glsl; path = shader.fs; sourceTree = "<group>"; };
		82589734283DC3960077F942 /* tiny_obj_loader.h */ = {isa = PBXFileReference; fileEncoding = 4; lastKnownFileType = sourcecode.c.h; path = tiny_obj_loader.h; sourceTree = "<group>"; };
		82589735283DC3960077F942 /* Vectors.h */ = {isa = PBXFileReference; fileEncoding = 4; lastKnownFileType = sourcecode.c.h; path = Vectors.h; sourceTree = "<group>"; };
		82589736283DC3960077F942 /* textfile.cpp */ = {isa = PBXFileReference; fileEncoding = 4; lastKnownFileType = sourcecode.cpp.cpp; path = textfile.cpp; sourceTree = "<group>"; };
		82589737283DC3960077F942 /* Matrices.cpp */ = {isa = PBXFileReference; fileEncoding = 4; lastKnownFileType = sourcecode.cpp.cpp; path = Matrices.cpp; sourceTree = "<group>"; };
		82589738283DC3960077F942 /* shader.vs */ = {isa = PBXFileReference; fileEncoding = 4; lastKnownFileType = sourcecode.glsl; path = shader.vs; sourceTree = "<group>"; };
		8258973D283DC4AB0077F942 /* libglfw.3.dylib */ = {isa = PBXFileReference; lastKnownFileType = "compiled.mach-o.dylib"; name = libglfw.3.dylib; path = lib/libglfw.3.dylib; sourceTree = "<group>"; };
/* End PBXFileReference section */

/* Begin PBXFrameworksBuildPhase section */
		82589723283DC2F70077F942 /* Frameworks */ = {
			isa = PBXFrameworksBuildPhase;
			buildActionMask = 2147483647;
			files = (
				8258973E283DC4AB0077F942 /* libglfw.3.dylib in Frameworks */,
			);
			runOnlyForDeploymentPostprocessing = 0;
		};
/* End PBXFrameworksBuildPhase section */

/* Begin PBXGroup section */
		8258971D283DC2F70077F942 = {
			isa = PBXGroup;
			children = (
				82589728283DC2F70077F942 /* OpenGLFramework-Xcode */,
				82589727283DC2F70077F942 /* Products */,
				8258973C283DC4AB0077F942 /* Frameworks */,
			);
			sourceTree = "<group>";
		};
		82589727283DC2F70077F942 /* Products */ = {
			isa = PBXGroup;
			children = (
				82589726283DC2F70077F942 /* OpenGLFramework-Xcode */,
			);
			name = Products;
			sourceTree = "<group>";
		};
		82589728283DC2F70077F942 /* OpenGLFramework-Xcode */ = {
			isa = PBXGroup;
			children = (
				82589730283DC3960077F942 /* glad.c */,
				82589737283DC3960077F942 /* Matrices.cpp */,
				82589732283DC3960077F942 /* Matrices.h */,
				82589733283DC3960077F942 /* shader.fs */,
				82589738283DC3960077F942 /* shader.vs */,
				82589736283DC3960077F942 /* textfile.cpp */,
				82589731283DC3960077F942 /* textfile.h */,
				82589734283DC3960077F942 /* tiny_obj_loader.h */,
				82589735283DC3960077F942 /* Vectors.h */,
				82589729283DC2F70077F942 /* main.cpp */,
			);
			path = "OpenGLFramework-Xcode";
			sourceTree = "<group>";
		};
		8258973C283DC4AB0077F942 /* Frameworks */ = {
			isa = PBXGroup;
			children = (
				8258973D283DC4AB0077F942 /* libglfw.3.dylib */,
			);
			name = Frameworks;
			sourceTree = "<group>";
		};
/* End PBXGroup section */

/* Begin PBXNativeTarget section */
		82589725283DC2F70077F942 /* OpenGLFramework-Xcode */ = {
			isa = PBXNativeTarget;
			buildConfigurationList = 8258972D283DC2F70077F942 /* Build configuration list for PBXNativeTarget "OpenGLFramework-Xcode" */;
			buildPhases = (
				82589722283DC2F70077F942 /* Sources */,
				82589723283DC2F70077F942 /* Frameworks */,
				82589724283DC2F70077F942 /* CopyFiles */,
				82589740283DC4AB0077F942 /* Embed Libraries */,
			);
			buildRules = (
			);
			dependencies = (
			);
			name = "OpenGLFramework-Xcode";
			productName = "OpenGLFramework-Xcode";
			productReference = 82589726283DC2F70077F942 /* OpenGLFramework-Xcode */;
			productType = "com.apple.product-type.tool";
		};
/* End PBXNativeTarget section */

/* Begin PBXProject section */
		8258971E283DC2F70077F942 /* Project object */ = {
			isa = PBXProject;
			attributes = {
				BuildIndependentTargetsInParallel = 1;
				LastUpgradeCheck = 1330;
				TargetAttributes = {
					82589725283DC2F70077F942 = {
						CreatedOnToolsVersion = 13.3;
					};
				};
			};
			buildConfigurationList = 82589721283DC2F70077F942 /* Build configuration list for PBXProject "OpenGLFramework-Xcode" */;
			compatibilityVersion = "Xcode 13.0";
			developmentRegion = en;
			hasScannedForEncodings = 0;
			knownRegions = (
				en,
				Base,
			);
			mainGroup = 8258971D283DC2F70077F942;
			productRefGroup = 82589727283DC2F70077F942 /* Products */;
			projectDirPath = "";
			projectRoot = "";
			targets = (
				82589725283DC2F70077F942 /* OpenGLFramework-Xcode */,
			);
		};
/* End PBXProject section */

/* Begin PBXSourcesBuildPhase section */
		82589722283DC2F70077F942 /* Sources */ = {
			isa = PBXSourcesBuildPhase;
			buildActionMask = 2147483647;
			files = (
				8258973A283DC3960077F942 /* textfile.cpp in Sources */,
				8258973B283DC3960077F942 /* Matrices.cpp in Sources */,
				8258972A283DC2F70077F942 /* main.cpp in Sources */,
				82589739283DC3960077F942 /* glad.c in Sources */,
			);
			runOnlyForDeploymentPostprocessing = 0;
		};
/* End PBXSourcesBuildPhase section */

/* Begin XCBuildConfiguration section */
		8258972B283DC2F70077F942 /* Debug */ = {
			isa = XCBuildConfiguration;
			buildSettings = {
				ALWAYS_SEARCH_USER_PATHS = NO;
				CLANG_ANALYZER_NONNULL = YES;
				CLANG_ANALYZER_NUMBER_OBJECT_CONVERSION = YES_AGGRESSIVE;
				CLANG_CXX_LANGUAGE_STANDARD = "gnu++17";
				CLANG_ENABLE_MODULES = YES;
				CLANG_ENABLE_OBJC_ARC = YES;
				CLANG_ENABLE_OBJC_WEAK = YES;
				CLANG_WARN_BLOCK_CAPTURE_AUTORELEASING = YES;
				CLANG_WARN_BOOL_CONVERSION = YES;
				CLANG_WARN_COMMA = YES;
				CLANG_WARN_CONSTANT_CONVERSION = YES;
				CLANG_WARN_DEPRECATED_OBJC_IMPLEMENTATIONS = YES;
				CLANG_WARN_DIRECT_OBJC_ISA_USAGE = YES_ERROR;
				CLANG_WARN_DOCUMENTATION_COMMENTS = YES;
				CLANG_WARN_EMPTY_BODY = YES;
				CLANG_WARN_ENUM_CONVERSION = YES;
				CLANG_WARN_INFINITE_RECURSION = YES;
				CLANG_WARN_INT_CONVERSION = YES;
				CLANG_WARN_NON_LITERAL_NULL_CONVERSION = YES;
				CLANG_WARN_OBJC_IMPLICIT_RETAIN_SELF = YES;
				CLANG_WARN_OBJC_LITERAL_CONVERSION = YES;
				CLANG_WARN_OBJC_ROOT_CLASS = YES_ERROR;
				CLANG_WARN_QUOTED_INCLUDE_IN_FRAMEWORK_HEADER = YES;
				CLANG_WARN_RANGE_LOOP_ANALYSIS = YES;
				CLANG_WARN_STRICT_PROTOTYPES = YES;
				CLANG_WARN_SUSPICIOUS_MOVE = YES;
				CLANG_WARN_UNGUARDED_AVAILABILITY = YES_AGGRESSIVE;
				CLANG_WARN_UNREACHABLE_CODE = YES;
				CLANG_WARN__DUPLICATE_METHOD_MATCH = YES;
				COPY_PHASE_STRIP = NO;
				DEBUG_INFORMATION_FORMAT = dwarf;
				ENABLE_STRICT_OBJC_MSGSEND = YES;
				ENABLE_TESTABILITY = YES;
				GCC_C_LANGUAGE_STANDARD = gnu11;
				GCC_DYNAMIC_NO_PIC = NO;
				GCC_NO_COMMON_BLOCKS = YES;
				GCC_OPTIMIZATION_LEVEL = 0;
				GCC_PREPROCESSOR_DEFINITIONS = (
					"DEBUG=1",
					"$(inherited)",
				);
				GCC_WARN_64_TO_32_BIT_CONVERSION = YES;
				GCC_WARN_ABOUT_RETURN_TYPE = YES_ERROR;
				GCC_WARN_UNDECLARED_SELECTOR = YES;
				GCC_WARN_UNINITIALIZED_AUTOS = YES_AGGRESSIVE;
				GCC_WARN_UNUSED_FUNCTION = YES;
				GCC_WARN_UNUSED_VARIABLE = YES;
				MACOSX_DEPLOYMENT_TARGET = 12.3;
				MTL_ENABLE_DEBUG_INFO = INCLUDE_SOURCE;
				MTL_FAST_MATH = YES;
				ONLY_ACTIVE_ARCH = YES;
				SDKROOT = macosx;
			};
			name = Debug;
		};
		8258972C283DC2F70077F942 /* Release */ = {
			isa = XCBuildConfiguration;
			buildSettings = {
				ALWAYS_SEARCH_USER_PATHS = NO;
				CLANG_ANALYZER_NONNULL = YES;
				CLANG_ANALYZER_NUMBER_OBJECT_CONVERSION = YES_AGGRESSIVE;
				CLANG_CXX_LANGUAGE_STANDARD = "gnu++17";
				CLANG_ENABLE_MODULES = YES;
				CLANG_ENABLE_OBJC_ARC = YES;
				CLANG_ENABLE_OBJC_WEAK = YES;
				CLANG_WARN_BLOCK_CAPTURE_AUTORELEASING = YES;
				CLANG_WARN_BOOL_CONVERSION = YES;
				CLANG_WARN_COMMA = YES;
				CLANG_WARN_CONSTANT_CONVERSION = YES;
				CLANG_WARN_DEPRECATED_OBJC_IMPLEMENTATIONS = YES;
				CLANG_WARN_DIRECT_OBJC_ISA_USAGE = YES_ERROR;
				CLANG_WARN_DOCUMENTATION_COMMENTS = YES;
				CLANG_WARN_EMPTY_BODY = YES;
				CLANG_WARN_ENUM_CONVERSION = YES;
				CLANG_WARN_INFINITE_RECURSION = YES;
				CLANG_WARN_INT_CONVERSION = YES;
				CLANG_WARN_NON_LITERAL_NULL_CONVERSION = YES;
				CLANG_WARN_OBJC_IMPLICIT_RETAIN_SELF = YES;
				CLANG_WARN_OBJC_LITERAL_CONVERSION = YES;
				CLANG_WARN_OBJC_ROOT_CLASS = YES_ERROR;
				CLANG_WARN_QUOTED_INCLUDE_IN_FRAMEWORK_HEADER = YES;
				CLANG_WARN_RANGE_LOOP_ANALYSIS = YES;
				CLANG_WARN_STRICT_PROTOTYPES = YES;
				CLANG_WARN_SUSPICIOUS_MOVE = YES;
				CLANG_WARN_UNGUARDED_AVAILABILITY = YES_AGGRESSIVE;
				CLANG_WARN_UNREACHABLE_CODE = YES;
				CLANG_WARN__DUPLICATE_METHOD_MATCH = YES;
				COPY_PHASE_STRIP = NO;
				DEBUG_INFORMATION_FORMAT = "dwarf-with-dsym";
				ENABLE_NS_ASSERTIONS = NO;
				ENABLE_STRICT_OBJC_MSGSEND = YES;
				GCC_C_LANGUAGE_STANDARD = gnu11;
				GCC_NO_COMMON_BLOCKS = YES;
				GCC_WARN_64_TO_32_BIT_CONVERSION = YES;
				GCC_WARN_ABOUT_RETURN_TYPE = YES_ERROR;
				GCC_WARN_UNDECLARED_SELECTOR = YES;
				GCC_WARN_UNINITIALIZED_AUTOS = YES_AGGRESSIVE;
				GCC_WARN_UNUSED_FUNCTION = YES;
				GCC_WARN_UNUSED_VARIABLE = YES;
				MACOSX_DEPLOYMENT_TARGET = 12.3;
				MTL_ENABLE_DEBUG_INFO = NO;
				MTL_FAST_MATH = YES;
				SDKROOT = macosx;
			};
			name = Release;
		};
		8258972E283DC2F70077F942 /* Debug */ = {
			isa = XCBuildConfiguration;
			buildSettings = {
				CODE_SIGN_STYLE = Automatic;
				HEADER_SEARCH_PATHS = "$(PROJECT_DIR)/include";
				LIBRARY_SEARCH_PATHS = "$(PROJECT_DIR)/lib";
				PRODUCT_NAME = "$(TARGET_NAME)";
			};
			name = Debug;
		};
		8258972F283DC2F70077F942 /* Release */ = {
			isa = XCBuildConfiguration;
			buildSettings = {
				CODE_SIGN_STYLE = Automatic;
				HEADER_SEARCH_PATHS = "$(PROJECT_DIR)/include";
				LIBRARY_SEARCH_PATHS = "$(PROJECT_DIR)/lib";
				PRODUCT_NAME = "$(TARGET_NAME)";
			};
			name = Release;
		};
/* End XCBuildConfiguration section */

/* Begin XCConfigurationList section */
		82589721283DC2F70077F942 /* Build configuration list for PBXProject "OpenGLFramework-Xcode" */ = {
			isa = XCConfigurationList;
			buildConfigurations = (
				8258972B283DC2F70077F942 /* Debug */,
				8258972C283DC2F70077F942 /* Release */,
			);
			defaultConfigurationIsVisible = 0;
			defaultConfigurationName = Release;
		};
		8258972D283DC2F70077F942 /* Build configuration list for PBXNativeTarget "OpenGLFramework-Xcode" */ = {
			isa = XCConfigurationList;
			buildConfigurations = (
				8258972E283DC2F70077F942 /* Debug */,
				8258972F283DC2F70077F942 /* Release */,
			);
			defaultConfigurationIsVisible = 0;
			defaultConfigurationName = Release;
		};
/* End XCConfigurationList section */
	};
	rootObject = 8258971E283DC2F70077F942 /* Project object */;
}
